
Microsoft Visual Studio Solution File, Format Version 12.00
# Visual Studio Version 16
VisualStudioVersion = 16.0.31321.278
MinimumVisualStudioVersion = 10.0.40219.1
Project("{9A19103F-16F7-4668-BE54-9A1E7A4F7556}") = "Udemy.TodoAppNTier.DataAccess", "Udemy.TodoAppNTier.DataAccess\Udemy.TodoAppNTier.DataAccess.csproj", "{B1385394-91AB-4FAC-8F66-92CAC002B7B1}"
EndProject
Project("{9A19103F-16F7-4668-BE54-9A1E7A4F7556}") = "Udemy.ToDoAppNTier.Business", "Udemy.ToDoAppNTier.Business\Udemy.ToDoAppNTier.Business.csproj", "{2B310CE5-6B2D-4F68-BB3C-0B1FE523A91C}"
EndProject
Project("{9A19103F-16F7-4668-BE54-9A1E7A4F7556}") = "Udemy.ToDoAppNTier.Entities", "Udemy.ToDoAppNTier.Entities\Udemy.ToDoAppNTier.Entities.csproj", "{F820B192-4B5B-4617-9CE3-358448854827}"
EndProject
Project("{9A19103F-16F7-4668-BE54-9A1E7A4F7556}") = "Udemy.ToDoAppNTier.Dtos", "Udemy.ToDoAppNTier.Dtos\Udemy.ToDoAppNTier.Dtos.csproj", "{B93C8FC1-6E19-4C95-81BB-428CE49F402B}"
EndProject
Project("{9A19103F-16F7-4668-BE54-9A1E7A4F7556}") = "Udemy.ToDoAppNTier.UI", "Udemy.ToDoAppNTier.UI\Udemy.ToDoAppNTier.UI.csproj", "{76AD24ED-CAC4-47E7-A248-F8B184ACB4A0}"
EndProject
Project("{FAE04EC0-301F-11D3-BF4B-00C04F79EFBC}") = "Udemy.TodoAppNTier.Common", "Udemy.TodoAppNTier.Common\Udemy.TodoAppNTier.Common.csproj", "{AF791148-1C1B-4724-9B51-0F09BB855806}"
EndProject
Global
	GlobalSection(SolutionConfigurationPlatforms) = preSolution
		Debug|Any CPU = Debug|Any CPU
		Release|Any CPU = Release|Any CPU
	EndGlobalSection
	GlobalSection(ProjectConfigurationPlatforms) = postSolution
		{B1385394-91AB-4FAC-8F66-92CAC002B7B1}.Debug|Any CPU.ActiveCfg = Debug|Any CPU
		{B1385394-91AB-4FAC-8F66-92CAC002B7B1}.Debug|Any CPU.Build.0 = Debug|Any CPU
		{B1385394-91AB-4FAC-8F66-92CAC002B7B1}.Release|Any CPU.ActiveCfg = Release|Any CPU
		{B1385394-91AB-4FAC-8F66-92CAC002B7B1}.Release|Any CPU.Build.0 = Release|Any CPU
		{2B310CE5-6B2D-4F68-BB3C-0B1FE523A91C}.Debug|Any CPU.ActiveCfg = Debug|Any CPU
		{2B310CE5-6B2D-4F68-BB3C-0B1FE523A91C}.Debug|Any CPU.Build.0 = Debug|Any CPU
		{2B310CE5-6B2D-4F68-BB3C-0B1FE523A91C}.Release|Any CPU.ActiveCfg = Release|Any CPU
		{2B310CE5-6B2D-4F68-BB3C-0B1FE523A91C}.Release|Any CPU.Build.0 = Release|Any CPU
		{F820B192-4B5B-4617-9CE3-358448854827}.Debug|Any CPU.ActiveCfg = Debug|Any CPU
		{F820B192-4B5B-4617-9CE3-358448854827}.Debug|Any CPU.Build.0 = Debug|Any CPU
		{F820B192-4B5B-4617-9CE3-358448854827}.Release|Any CPU.ActiveCfg = Release|Any CPU
		{F820B192-4B5B-4617-9CE3-358448854827}.Release|Any CPU.Build.0 = Release|Any CPU
		{B93C8FC1-6E19-4C95-81BB-428CE49F402B}.Debug|Any CPU.ActiveCfg = Debug|Any CPU
		{B93C8FC1-6E19-4C95-81BB-428CE49F402B}.Debug|Any CPU.Build.0 = Debug|Any CPU
		{B93C8FC1-6E19-4C95-81BB-428CE49F402B}.Release|Any CPU.ActiveCfg = Release|Any CPU
		{B93C8FC1-6E19-4C95-81BB-428CE49F402B}.Release|Any CPU.Build.0 = Release|Any CPU
		{76AD24ED-CAC4-47E7-A248-F8B184ACB4A0}.Debug|Any CPU.ActiveCfg = Debug|Any CPU
		{76AD24ED-CAC4-47E7-A248-F8B184ACB4A0}.Debug|Any CPU.Build.0 = Debug|Any CPU
		{76AD24ED-CAC4-47E7-A248-F8B184ACB4A0}.Release|Any CPU.ActiveCfg = Release|Any CPU
		{76AD24ED-CAC4-47E7-A248-F8B184ACB4A0}.Release|Any CPU.Build.0 = Release|Any CPU
		{AF791148-1C1B-4724-9B51-0F09BB855806}.Debug|Any CPU.ActiveCfg = Debug|Any CPU
		{AF791148-1C1B-4724-9B51-0F09BB855806}.Debug|Any CPU.Build.0 = Debug|Any CPU
		{AF791148-1C1B-4724-9B51-0F09BB855806}.Release|Any CPU.ActiveCfg = Release|Any CPU
		{AF791148-1C1B-4724-9B51-0F09BB855806}.Release|Any CPU.Build.0 = Release|Any CPU
	EndGlobalSection
	GlobalSection(SolutionProperties) = preSolution
		HideSolutionNode = FALSE
	EndGlobalSection
	GlobalSection(ExtensibilityGlobals) = postSolution
		SolutionGuid = {BC361935-0D93-4A15-87A9-9CC98DB7DB38}
	EndGlobalSection
EndGlobal
